
Microsoft Visual Studio Solution File, Format Version 12.00
# Visual Studio Version 16
VisualStudioVersion = 16.0.30225.117
MinimumVisualStudioVersion = 10.0.40219.1
Project("{FAE04EC0-301F-11D3-BF4B-00C04F79EFBC}") = "Timer", "Timer\Timer.csproj", "{3F53087B-BBCC-4E61-88DF-4FE0CEA3DB55}"
EndProject
Global
	GlobalSection(SolutionConfigurationPlatforms) = preSolution
		Debug|Any CPU = Debug|Any CPU
		Release|Any CPU = Release|Any CPU
	EndGlobalSection
	GlobalSection(ProjectConfigurationPlatforms) = postSolution
		{3F53087B-BBCC-4E61-88DF-4FE0CEA3DB55}.Debug|Any CPU.ActiveCfg = Debug|Any CPU
		{3F53087B-BBCC-4E61-88DF-4FE0CEA3DB55}.Debug|Any CPU.Build.0 = Debug|Any CPU
		{3F53087B-BBCC-4E61-88DF-4FE0CEA3DB55}.Release|Any CPU.ActiveCfg = Release|Any CPU
		{3F53087B-BBCC-4E61-88DF-4FE0CEA3DB55}.Release|Any CPU.Build.0 = Release|Any CPU
	EndGlobalSection
	GlobalSection(SolutionProperties) = preSolution
		HideSolutionNode = FALSE
	EndGlobalSection
	GlobalSection(ExtensibilityGlobals) = postSolution
		SolutionGuid = {030EB365-084B-4307-8F2E-3ED1F4AC6DD5}
	EndGlobalSection
EndGlobal
